
Microsoft Visual Studio Solution File, Format Version 12.00
# Visual Studio Version 17
VisualStudioVersion = 17.1.32407.343
MinimumVisualStudioVersion = 10.0.40219.1
Project("{FAE04EC0-301F-11D3-BF4B-00C04F79EFBC}") = "In-MemoryCacheDemo", "In-MemoryCacheDemo\In-MemoryCacheDemo.csproj", "{1EFC121F-7A0F-4AA0-AB81-C0A238EB0271}"
EndProject
Global
	GlobalSection(SolutionConfigurationPlatforms) = preSolution
		Debug|Any CPU = Debug|Any CPU
		Release|Any CPU = Release|Any CPU
	EndGlobalSection
	GlobalSection(ProjectConfigurationPlatforms) = postSolution
		{1EFC121F-7A0F-4AA0-AB81-C0A238EB0271}.Debug|Any CPU.ActiveCfg = Debug|Any CPU
		{1EFC121F-7A0F-4AA0-AB81-C0A238EB0271}.Debug|Any CPU.Build.0 = Debug|Any CPU
		{1EFC121F-7A0F-4AA0-AB81-C0A238EB0271}.Release|Any CPU.ActiveCfg = Release|Any CPU
		{1EFC121F-7A0F-4AA0-AB81-C0A238EB0271}.Release|Any CPU.Build.0 = Release|Any CPU
	EndGlobalSection
	GlobalSection(SolutionProperties) = preSolution
		HideSolutionNode = FALSE
	EndGlobalSection
	GlobalSection(ExtensibilityGlobals) = postSolution
		SolutionGuid = {B7C88DFE-DB38-4163-980B-F223E2C381B1}
	EndGlobalSection
EndGlobal
